// !$*UTF8*$!
{
	archiveVersion = 1;
	classes = {
	};
	objectVersion = 55;
	objects = {

/* Begin PBXBuildFile section */
		0BAF6E6CD5B8519B5B1982DE /* Pods_WGPokdexTests.framework in Frameworks */ = {isa = PBXBuildFile; fileRef = D96A9A5213BEA7AA1A779049 /* Pods_WGPokdexTests.framework */; };
		4D25DD8228298C0D00FA5D3F /* PokemonInfoView.swift in Sources */ = {isa = PBXBuildFile; fileRef = 4D25DD8128298C0D00FA5D3F /* PokemonInfoView.swift */; };
		4D25DD8428299F7D00FA5D3F /* NavigationPokemonCard.swift in Sources */ = {isa = PBXBuildFile; fileRef = 4D25DD8328299F7D00FA5D3F /* NavigationPokemonCard.swift */; };
		4D25DD862829A58900FA5D3F /* PokemonInfoAboutView.swift in Sources */ = {isa = PBXBuildFile; fileRef = 4D25DD852829A58900FA5D3F /* PokemonInfoAboutView.swift */; };
		4D25DD882829BFB600FA5D3F /* PokemonInfoStats.swift in Sources */ = {isa = PBXBuildFile; fileRef = 4D25DD872829BFB600FA5D3F /* PokemonInfoStats.swift */; };
		4D25DD8B282C30B900FA5D3F /* PokemonInfoAboutViewModel.swift in Sources */ = {isa = PBXBuildFile; fileRef = 4D25DD8A282C30B900FA5D3F /* PokemonInfoAboutViewModel.swift */; };
		4D25DD8F282D7C9200FA5D3F /* Pokemon.swift in Sources */ = {isa = PBXBuildFile; fileRef = 4D25DD8E282D7C9200FA5D3F /* Pokemon.swift */; };
		4D338968282313C8002D94AE /* Queries.graphql in Resources */ = {isa = PBXBuildFile; fileRef = 4D338967282313C8002D94AE /* Queries.graphql */; };
		4D33896A28231E01002D94AE /* Apollo.swift in Sources */ = {isa = PBXBuildFile; fileRef = 4D33896928231E01002D94AE /* Apollo.swift */; };
		4D33896C28231E41002D94AE /* API.swift in Sources */ = {isa = PBXBuildFile; fileRef = 4D33896B28231E41002D94AE /* API.swift */; };
		4D33897028231FE8002D94AE /* R.generated.swift in Sources */ = {isa = PBXBuildFile; fileRef = 4D33896F28231FE8002D94AE /* R.generated.swift */; };
		4D33897228232C75002D94AE /* Image.swift in Sources */ = {isa = PBXBuildFile; fileRef = 4D33897128232C75002D94AE /* Image.swift */; };
		4D33897928240BA9002D94AE /* TypesByID.swift in Sources */ = {isa = PBXBuildFile; fileRef = 4D33897828240BA9002D94AE /* TypesByID.swift */; };
		4D33897B28243339002D94AE /* PokemonImager.swift in Sources */ = {isa = PBXBuildFile; fileRef = 4D33897A28243339002D94AE /* PokemonImager.swift */; };
		4D33897F28244C39002D94AE /* PokedexView.swift in Sources */ = {isa = PBXBuildFile; fileRef = 4D33897E28244C39002D94AE /* PokedexView.swift */; };
		4D33898128244DC7002D94AE /* PokedexViewModel.swift in Sources */ = {isa = PBXBuildFile; fileRef = 4D33898028244DC7002D94AE /* PokedexViewModel.swift */; };
		4D33898428246689002D94AE /* Extensions.swift in Sources */ = {isa = PBXBuildFile; fileRef = 4D33898328246689002D94AE /* Extensions.swift */; };
		4D33898728246D3F002D94AE /* Filters.swift in Sources */ = {isa = PBXBuildFile; fileRef = 4D33898628246D3F002D94AE /* Filters.swift */; };
		4D606066281B53E300783720 /* schema.json in Resources */ = {isa = PBXBuildFile; fileRef = 4D606065281B53E300783720 /* schema.json */; };
		4D9D4EBA27F4C992008BA39C /* WGPokdexApp.swift in Sources */ = {isa = PBXBuildFile; fileRef = 4D9D4EB927F4C992008BA39C /* WGPokdexApp.swift */; };
		4D9D4EBC27F4C992008BA39C /* PokemonCard.swift in Sources */ = {isa = PBXBuildFile; fileRef = 4D9D4EBB27F4C992008BA39C /* PokemonCard.swift */; };
		4D9D4EBE27F4C995008BA39C /* Assets.xcassets in Resources */ = {isa = PBXBuildFile; fileRef = 4D9D4EBD27F4C995008BA39C /* Assets.xcassets */; };
		4D9D4EC127F4C995008BA39C /* Preview Assets.xcassets in Resources */ = {isa = PBXBuildFile; fileRef = 4D9D4EC027F4C995008BA39C /* Preview Assets.xcassets */; };
		4D9D4ECB27F4C995008BA39C /* WGPokdexTests.swift in Sources */ = {isa = PBXBuildFile; fileRef = 4D9D4ECA27F4C995008BA39C /* WGPokdexTests.swift */; };
		4D9D4ED527F4C995008BA39C /* WGPokdexUITests.swift in Sources */ = {isa = PBXBuildFile; fileRef = 4D9D4ED427F4C995008BA39C /* WGPokdexUITests.swift */; };
		4D9D4ED727F4C995008BA39C /* WGPokdexUITestsLaunchTests.swift in Sources */ = {isa = PBXBuildFile; fileRef = 4D9D4ED627F4C995008BA39C /* WGPokdexUITestsLaunchTests.swift */; };
		4DAD64B328075ECF007300CF /* Theme.swift in Sources */ = {isa = PBXBuildFile; fileRef = 4DAD64B228075ECF007300CF /* Theme.swift */; };
		4DF4874C280F03C100E28FFF /* ButtonStyle.swift in Sources */ = {isa = PBXBuildFile; fileRef = 4DF4874B280F03C100E28FFF /* ButtonStyle.swift */; };
		4DF4874F280F363E00E28FFF /* TextField.swift in Sources */ = {isa = PBXBuildFile; fileRef = 4DF4874E280F363E00E28FFF /* TextField.swift */; };
		4DF487512810890200E28FFF /* Slider.swift in Sources */ = {isa = PBXBuildFile; fileRef = 4DF487502810890200E28FFF /* Slider.swift */; };
		579558E64386E176C8128ED3 /* Pods_WGPokdex_WGPokdexUITests.framework in Frameworks */ = {isa = PBXBuildFile; fileRef = 577AF2008F33F06ED0F4BD21 /* Pods_WGPokdex_WGPokdexUITests.framework */; };
		EAAA985F0E5569F1A6979E36 /* Pods_WGPokdex.framework in Frameworks */ = {isa = PBXBuildFile; fileRef = 4785E150E6424276E1659535 /* Pods_WGPokdex.framework */; };
/* End PBXBuildFile section */

/* Begin PBXContainerItemProxy section */
		4D9D4EC727F4C995008BA39C /* PBXContainerItemProxy */ = {
			isa = PBXContainerItemProxy;
			containerPortal = 4D9D4EAE27F4C992008BA39C /* Project object */;
			proxyType = 1;
			remoteGlobalIDString = 4D9D4EB527F4C992008BA39C;
			remoteInfo = WGPokdex;
		};
		4D9D4ED127F4C995008BA39C /* PBXContainerItemProxy */ = {
			isa = PBXContainerItemProxy;
			containerPortal = 4D9D4EAE27F4C992008BA39C /* Project object */;
			proxyType = 1;
			remoteGlobalIDString = 4D9D4EB527F4C992008BA39C;
			remoteInfo = WGPokdex;
		};
/* End PBXContainerItemProxy section */

/* Begin PBXFileReference section */
		07D71571233C0080F81B77D8 /* Pods-WGPokdex-WGPokdexUITests.release.xcconfig */ = {isa = PBXFileReference; includeInIndex = 1; lastKnownFileType = text.xcconfig; name = "Pods-WGPokdex-WGPokdexUITests.release.xcconfig"; path = "Target Support Files/Pods-WGPokdex-WGPokdexUITests/Pods-WGPokdex-WGPokdexUITests.release.xcconfig"; sourceTree = "<group>"; };
		1FCE3304A83FE86B4E0597AB /* Pods-WGPokdex.debug.xcconfig */ = {isa = PBXFileReference; includeInIndex = 1; lastKnownFileType = text.xcconfig; name = "Pods-WGPokdex.debug.xcconfig"; path = "Target Support Files/Pods-WGPokdex/Pods-WGPokdex.debug.xcconfig"; sourceTree = "<group>"; };
		4785E150E6424276E1659535 /* Pods_WGPokdex.framework */ = {isa = PBXFileReference; explicitFileType = wrapper.framework; includeInIndex = 0; path = Pods_WGPokdex.framework; sourceTree = BUILT_PRODUCTS_DIR; };
		4D25DD8128298C0D00FA5D3F /* PokemonInfoView.swift */ = {isa = PBXFileReference; lastKnownFileType = sourcecode.swift; path = PokemonInfoView.swift; sourceTree = "<group>"; };
		4D25DD8328299F7D00FA5D3F /* NavigationPokemonCard.swift */ = {isa = PBXFileReference; lastKnownFileType = sourcecode.swift; path = NavigationPokemonCard.swift; sourceTree = "<group>"; };
		4D25DD852829A58900FA5D3F /* PokemonInfoAboutView.swift */ = {isa = PBXFileReference; lastKnownFileType = sourcecode.swift; name = PokemonInfoAboutView.swift; path = "../New Group/PokemonInfoAboutView.swift"; sourceTree = "<group>"; };
		4D25DD872829BFB600FA5D3F /* PokemonInfoStats.swift */ = {isa = PBXFileReference; lastKnownFileType = sourcecode.swift; path = PokemonInfoStats.swift; sourceTree = "<group>"; };
		4D25DD8A282C30B900FA5D3F /* PokemonInfoAboutViewModel.swift */ = {isa = PBXFileReference; lastKnownFileType = sourcecode.swift; path = PokemonInfoAboutViewModel.swift; sourceTree = "<group>"; };
		4D25DD8E282D7C9200FA5D3F /* Pokemon.swift */ = {isa = PBXFileReference; lastKnownFileType = sourcecode.swift; path = Pokemon.swift; sourceTree = "<group>"; };
		4D338967282313C8002D94AE /* Queries.graphql */ = {isa = PBXFileReference; lastKnownFileType = text; path = Queries.graphql; sourceTree = "<group>"; };
		4D33896928231E01002D94AE /* Apollo.swift */ = {isa = PBXFileReference; lastKnownFileType = sourcecode.swift; path = Apollo.swift; sourceTree = "<group>"; };
		4D33896B28231E41002D94AE /* API.swift */ = {isa = PBXFileReference; fileEncoding = 4; lastKnownFileType = sourcecode.swift; name = API.swift; path = WGPokdex/API.swift; sourceTree = SOURCE_ROOT; };
		4D33896F28231FE8002D94AE /* R.generated.swift */ = {isa = PBXFileReference; fileEncoding = 4; lastKnownFileType = sourcecode.swift; path = R.generated.swift; sourceTree = SOURCE_ROOT; };
		4D33897128232C75002D94AE /* Image.swift */ = {isa = PBXFileReference; lastKnownFileType = sourcecode.swift; path = Image.swift; sourceTree = "<group>"; };
		4D33897828240BA9002D94AE /* TypesByID.swift */ = {isa = PBXFileReference; lastKnownFileType = sourcecode.swift; path = TypesByID.swift; sourceTree = "<group>"; };
		4D33897A28243339002D94AE /* PokemonImager.swift */ = {isa = PBXFileReference; lastKnownFileType = sourcecode.swift; path = PokemonImager.swift; sourceTree = "<group>"; };
		4D33897E28244C39002D94AE /* PokedexView.swift */ = {isa = PBXFileReference; lastKnownFileType = sourcecode.swift; path = PokedexView.swift; sourceTree = "<group>"; };
		4D33898028244DC7002D94AE /* PokedexViewModel.swift */ = {isa = PBXFileReference; lastKnownFileType = sourcecode.swift; path = PokedexViewModel.swift; sourceTree = "<group>"; };
		4D33898328246689002D94AE /* Extensions.swift */ = {isa = PBXFileReference; lastKnownFileType = sourcecode.swift; path = Extensions.swift; sourceTree = "<group>"; };
		4D33898628246D3F002D94AE /* Filters.swift */ = {isa = PBXFileReference; lastKnownFileType = sourcecode.swift; path = Filters.swift; sourceTree = "<group>"; };
		4D606065281B53E300783720 /* schema.json */ = {isa = PBXFileReference; fileEncoding = 4; lastKnownFileType = text.json; path = schema.json; sourceTree = "<group>"; };
		4D9D4EB627F4C992008BA39C /* WGPokdex.app */ = {isa = PBXFileReference; explicitFileType = wrapper.application; includeInIndex = 0; path = WGPokdex.app; sourceTree = BUILT_PRODUCTS_DIR; };
		4D9D4EB927F4C992008BA39C /* WGPokdexApp.swift */ = {isa = PBXFileReference; lastKnownFileType = sourcecode.swift; path = WGPokdexApp.swift; sourceTree = "<group>"; };
		4D9D4EBB27F4C992008BA39C /* PokemonCard.swift */ = {isa = PBXFileReference; lastKnownFileType = sourcecode.swift; path = PokemonCard.swift; sourceTree = "<group>"; };
		4D9D4EBD27F4C995008BA39C /* Assets.xcassets */ = {isa = PBXFileReference; lastKnownFileType = folder.assetcatalog; path = Assets.xcassets; sourceTree = "<group>"; };
		4D9D4EC027F4C995008BA39C /* Preview Assets.xcassets */ = {isa = PBXFileReference; lastKnownFileType = folder.assetcatalog; path = "Preview Assets.xcassets"; sourceTree = "<group>"; };
		4D9D4EC627F4C995008BA39C /* WGPokdexTests.xctest */ = {isa = PBXFileReference; explicitFileType = wrapper.cfbundle; includeInIndex = 0; path = WGPokdexTests.xctest; sourceTree = BUILT_PRODUCTS_DIR; };
		4D9D4ECA27F4C995008BA39C /* WGPokdexTests.swift */ = {isa = PBXFileReference; lastKnownFileType = sourcecode.swift; path = WGPokdexTests.swift; sourceTree = "<group>"; };
		4D9D4ED027F4C995008BA39C /* WGPokdexUITests.xctest */ = {isa = PBXFileReference; explicitFileType = wrapper.cfbundle; includeInIndex = 0; path = WGPokdexUITests.xctest; sourceTree = BUILT_PRODUCTS_DIR; };
		4D9D4ED427F4C995008BA39C /* WGPokdexUITests.swift */ = {isa = PBXFileReference; lastKnownFileType = sourcecode.swift; path = WGPokdexUITests.swift; sourceTree = "<group>"; };
		4D9D4ED627F4C995008BA39C /* WGPokdexUITestsLaunchTests.swift */ = {isa = PBXFileReference; lastKnownFileType = sourcecode.swift; path = WGPokdexUITestsLaunchTests.swift; sourceTree = "<group>"; };
		4DAD64B228075ECF007300CF /* Theme.swift */ = {isa = PBXFileReference; lastKnownFileType = sourcecode.swift; path = Theme.swift; sourceTree = "<group>"; };
		4DF4874B280F03C100E28FFF /* ButtonStyle.swift */ = {isa = PBXFileReference; lastKnownFileType = sourcecode.swift; path = ButtonStyle.swift; sourceTree = "<group>"; };
		4DF4874E280F363E00E28FFF /* TextField.swift */ = {isa = PBXFileReference; lastKnownFileType = sourcecode.swift; path = TextField.swift; sourceTree = "<group>"; };
		4DF487502810890200E28FFF /* Slider.swift */ = {isa = PBXFileReference; lastKnownFileType = sourcecode.swift; path = Slider.swift; sourceTree = "<group>"; };
		577AF2008F33F06ED0F4BD21 /* Pods_WGPokdex_WGPokdexUITests.framework */ = {isa = PBXFileReference; explicitFileType = wrapper.framework; includeInIndex = 0; path = Pods_WGPokdex_WGPokdexUITests.framework; sourceTree = BUILT_PRODUCTS_DIR; };
		81A3CADABFF5C1AC40D7C128 /* Pods-WGPokdexTests.release.xcconfig */ = {isa = PBXFileReference; includeInIndex = 1; lastKnownFileType = text.xcconfig; name = "Pods-WGPokdexTests.release.xcconfig"; path = "Target Support Files/Pods-WGPokdexTests/Pods-WGPokdexTests.release.xcconfig"; sourceTree = "<group>"; };
		C1493ECCE219C55737338CD1 /* Pods-WGPokdex-WGPokdexUITests.debug.xcconfig */ = {isa = PBXFileReference; includeInIndex = 1; lastKnownFileType = text.xcconfig; name = "Pods-WGPokdex-WGPokdexUITests.debug.xcconfig"; path = "Target Support Files/Pods-WGPokdex-WGPokdexUITests/Pods-WGPokdex-WGPokdexUITests.debug.xcconfig"; sourceTree = "<group>"; };
		CD0CC1DA09D3BF9156E43919 /* Pods-WGPokdex.release.xcconfig */ = {isa = PBXFileReference; includeInIndex = 1; lastKnownFileType = text.xcconfig; name = "Pods-WGPokdex.release.xcconfig"; path = "Target Support Files/Pods-WGPokdex/Pods-WGPokdex.release.xcconfig"; sourceTree = "<group>"; };
		D96A9A5213BEA7AA1A779049 /* Pods_WGPokdexTests.framework */ = {isa = PBXFileReference; explicitFileType = wrapper.framework; includeInIndex = 0; path = Pods_WGPokdexTests.framework; sourceTree = BUILT_PRODUCTS_DIR; };
		FB432D8298A04DA0586D5F93 /* Pods-WGPokdexTests.debug.xcconfig */ = {isa = PBXFileReference; includeInIndex = 1; lastKnownFileType = text.xcconfig; name = "Pods-WGPokdexTests.debug.xcconfig"; path = "Target Support Files/Pods-WGPokdexTests/Pods-WGPokdexTests.debug.xcconfig"; sourceTree = "<group>"; };
/* End PBXFileReference section */

/* Begin PBXFrameworksBuildPhase section */
		4D9D4EB327F4C992008BA39C /* Frameworks */ = {
			isa = PBXFrameworksBuildPhase;
			buildActionMask = 2147483647;
			files = (
				EAAA985F0E5569F1A6979E36 /* Pods_WGPokdex.framework in Frameworks */,
			);
			runOnlyForDeploymentPostprocessing = 0;
		};
		4D9D4EC327F4C995008BA39C /* Frameworks */ = {
			isa = PBXFrameworksBuildPhase;
			buildActionMask = 2147483647;
			files = (
				0BAF6E6CD5B8519B5B1982DE /* Pods_WGPokdexTests.framework in Frameworks */,
			);
			runOnlyForDeploymentPostprocessing = 0;
		};
		4D9D4ECD27F4C995008BA39C /* Frameworks */ = {
			isa = PBXFrameworksBuildPhase;
			buildActionMask = 2147483647;
			files = (
				579558E64386E176C8128ED3 /* Pods_WGPokdex_WGPokdexUITests.framework in Frameworks */,
			);
			runOnlyForDeploymentPostprocessing = 0;
		};
/* End PBXFrameworksBuildPhase section */

/* Begin PBXGroup section */
		4D25DD8028298BEF00FA5D3F /* PokemonInfo */ = {
			isa = PBXGroup;
			children = (
				4D25DD89282C308300FA5D3F /* PokemonInfoAbout */,
				4D25DD8128298C0D00FA5D3F /* PokemonInfoView.swift */,
				4D25DD872829BFB600FA5D3F /* PokemonInfoStats.swift */,
			);
			path = PokemonInfo;
			sourceTree = "<group>";
		};
		4D25DD89282C308300FA5D3F /* PokemonInfoAbout */ = {
			isa = PBXGroup;
			children = (
				4D25DD852829A58900FA5D3F /* PokemonInfoAboutView.swift */,
				4D25DD8A282C30B900FA5D3F /* PokemonInfoAboutViewModel.swift */,
			);
			path = PokemonInfoAbout;
			sourceTree = "<group>";
		};
		4D25DD8C282D7C7000FA5D3F /* Models */ = {
			isa = PBXGroup;
			children = (
				4D25DD8D282D7C7700FA5D3F /* Pokemon */,
			);
			path = Models;
			sourceTree = "<group>";
		};
		4D25DD8D282D7C7700FA5D3F /* Pokemon */ = {
			isa = PBXGroup;
			children = (
				4D25DD8E282D7C9200FA5D3F /* Pokemon.swift */,
			);
			path = Pokemon;
			sourceTree = "<group>";
		};
		4D338966282313A2002D94AE /* GraphQL */ = {
			isa = PBXGroup;
			children = (
				4D338967282313C8002D94AE /* Queries.graphql */,
				4D33896928231E01002D94AE /* Apollo.swift */,
				4D33896B28231E41002D94AE /* API.swift */,
			);
			path = GraphQL;
			sourceTree = "<group>";
		};
		4D33896E28231FD5002D94AE /* RSwift */ = {
			isa = PBXGroup;
			children = (
				4D33896F28231FE8002D94AE /* R.generated.swift */,
			);
			name = RSwift;
			path = "../New Group/RSwift";
			sourceTree = "<group>";
		};
		4D33897528240B51002D94AE /* Tools */ = {
			isa = PBXGroup;
			children = (
				4D33898228246677002D94AE /* Extensions */,
				4D338966282313A2002D94AE /* GraphQL */,
				4D33896E28231FD5002D94AE /* RSwift */,
			);
			path = Tools;
			sourceTree = "<group>";
		};
		4D33897628240B72002D94AE /* Common */ = {
			isa = PBXGroup;
			children = (
				4D33897728240B7B002D94AE /* Enuns */,
			);
			path = Common;
			sourceTree = "<group>";
		};
		4D33897728240B7B002D94AE /* Enuns */ = {
			isa = PBXGroup;
			children = (
				4D33897828240BA9002D94AE /* TypesByID.swift */,
				4D33897A28243339002D94AE /* PokemonImager.swift */,
			);
			path = Enuns;
			sourceTree = "<group>";
		};
		4D33897C28244507002D94AE /* Views */ = {
			isa = PBXGroup;
			children = (
				4D25DD8028298BEF00FA5D3F /* PokemonInfo */,
				4D33898528246D2B002D94AE /* Filters */,
				4D33897D28244C20002D94AE /* Pokedex */,
			);
			path = Views;
			sourceTree = "<group>";
		};
		4D33897D28244C20002D94AE /* Pokedex */ = {
			isa = PBXGroup;
			children = (
				4D9D4EBB27F4C992008BA39C /* PokemonCard.swift */,
				4D33897E28244C39002D94AE /* PokedexView.swift */,
				4D33898028244DC7002D94AE /* PokedexViewModel.swift */,
				4D25DD8328299F7D00FA5D3F /* NavigationPokemonCard.swift */,
			);
			path = Pokedex;
			sourceTree = "<group>";
		};
		4D33898228246677002D94AE /* Extensions */ = {
			isa = PBXGroup;
			children = (
				4D33898328246689002D94AE /* Extensions.swift */,
			);
			path = Extensions;
			sourceTree = "<group>";
		};
		4D33898528246D2B002D94AE /* Filters */ = {
			isa = PBXGroup;
			children = (
				4D33898628246D3F002D94AE /* Filters.swift */,
			);
			path = Filters;
			sourceTree = "<group>";
		};
		4D9D4EAD27F4C992008BA39C = {
			isa = PBXGroup;
			children = (
				4D9D4EB827F4C992008BA39C /* WGPokdex */,
				4D9D4EC927F4C995008BA39C /* WGPokdexTests */,
				4D9D4ED327F4C995008BA39C /* WGPokdexUITests */,
				4D9D4EB727F4C992008BA39C /* Products */,
				DBAEBFC0C5FD87C18E3CD319 /* Pods */,
				E796F28FD83E7B95793D2630 /* Frameworks */,
			);
			sourceTree = "<group>";
		};
		4D9D4EB727F4C992008BA39C /* Products */ = {
			isa = PBXGroup;
			children = (
				4D9D4EB627F4C992008BA39C /* WGPokdex.app */,
				4D9D4EC627F4C995008BA39C /* WGPokdexTests.xctest */,
				4D9D4ED027F4C995008BA39C /* WGPokdexUITests.xctest */,
			);
			name = Products;
			sourceTree = "<group>";
		};
		4D9D4EB827F4C992008BA39C /* WGPokdex */ = {
			isa = PBXGroup;
			children = (
				4D25DD8C282D7C7000FA5D3F /* Models */,
				4D33897C28244507002D94AE /* Views */,
				4D33897628240B72002D94AE /* Common */,
				4D33897528240B51002D94AE /* Tools */,
				4D606065281B53E300783720 /* schema.json */,
				4D9D4EB927F4C992008BA39C /* WGPokdexApp.swift */,
				4DAD64B128075EB0007300CF /* Theme */,
				4D9D4EBD27F4C995008BA39C /* Assets.xcassets */,
				4D9D4EBF27F4C995008BA39C /* Preview Content */,
			);
			path = WGPokdex;
			sourceTree = "<group>";
		};
		4D9D4EBF27F4C995008BA39C /* Preview Content */ = {
			isa = PBXGroup;
			children = (
				4D9D4EC027F4C995008BA39C /* Preview Assets.xcassets */,
			);
			path = "Preview Content";
			sourceTree = "<group>";
		};
		4D9D4EC927F4C995008BA39C /* WGPokdexTests */ = {
			isa = PBXGroup;
			children = (
				4D9D4ECA27F4C995008BA39C /* WGPokdexTests.swift */,
			);
			path = WGPokdexTests;
			sourceTree = "<group>";
		};
		4D9D4ED327F4C995008BA39C /* WGPokdexUITests */ = {
			isa = PBXGroup;
			children = (
				4D9D4ED427F4C995008BA39C /* WGPokdexUITests.swift */,
				4D9D4ED627F4C995008BA39C /* WGPokdexUITestsLaunchTests.swift */,
			);
			path = WGPokdexUITests;
			sourceTree = "<group>";
		};
		4DAD64B128075EB0007300CF /* Theme */ = {
			isa = PBXGroup;
			children = (
				4DAD64B228075ECF007300CF /* Theme.swift */,
				4DF4874B280F03C100E28FFF /* ButtonStyle.swift */,
				4DF4874E280F363E00E28FFF /* TextField.swift */,
				4DF487502810890200E28FFF /* Slider.swift */,
				4D33897128232C75002D94AE /* Image.swift */,
			);
			path = Theme;
			sourceTree = "<group>";
		};
		DBAEBFC0C5FD87C18E3CD319 /* Pods */ = {
			isa = PBXGroup;
			children = (
				1FCE3304A83FE86B4E0597AB /* Pods-WGPokdex.debug.xcconfig */,
				CD0CC1DA09D3BF9156E43919 /* Pods-WGPokdex.release.xcconfig */,
				C1493ECCE219C55737338CD1 /* Pods-WGPokdex-WGPokdexUITests.debug.xcconfig */,
				07D71571233C0080F81B77D8 /* Pods-WGPokdex-WGPokdexUITests.release.xcconfig */,
				FB432D8298A04DA0586D5F93 /* Pods-WGPokdexTests.debug.xcconfig */,
				81A3CADABFF5C1AC40D7C128 /* Pods-WGPokdexTests.release.xcconfig */,
			);
			path = Pods;
			sourceTree = "<group>";
		};
		E796F28FD83E7B95793D2630 /* Frameworks */ = {
			isa = PBXGroup;
			children = (
				4785E150E6424276E1659535 /* Pods_WGPokdex.framework */,
				577AF2008F33F06ED0F4BD21 /* Pods_WGPokdex_WGPokdexUITests.framework */,
				D96A9A5213BEA7AA1A779049 /* Pods_WGPokdexTests.framework */,
			);
			name = Frameworks;
			sourceTree = "<group>";
		};
/* End PBXGroup section */

/* Begin PBXNativeTarget section */
		4D9D4EB527F4C992008BA39C /* WGPokdex */ = {
			isa = PBXNativeTarget;
			buildConfigurationList = 4D9D4EDA27F4C995008BA39C /* Build configuration list for PBXNativeTarget "WGPokdex" */;
			buildPhases = (
				052B8D1C5CABA33B477BC2BE /* [CP] Check Pods Manifest.lock */,
				4D338965282312FB002D94AE /* GraphQL */,
				4D33896D28231EE7002D94AE /* RSwift */,
				4D9D4EB227F4C992008BA39C /* Sources */,
				4D9D4EB327F4C992008BA39C /* Frameworks */,
				4D9D4EB427F4C992008BA39C /* Resources */,
				418384E329612A0BD69361AA /* [CP] Embed Pods Frameworks */,
			);
			buildRules = (
			);
			dependencies = (
			);
			name = WGPokdex;
			productName = WGPokdex;
			productReference = 4D9D4EB627F4C992008BA39C /* WGPokdex.app */;
			productType = "com.apple.product-type.application";
		};
		4D9D4EC527F4C995008BA39C /* WGPokdexTests */ = {
			isa = PBXNativeTarget;
			buildConfigurationList = 4D9D4EDD27F4C995008BA39C /* Build configuration list for PBXNativeTarget "WGPokdexTests" */;
			buildPhases = (
				C260C529AB9911E01875BD6C /* [CP] Check Pods Manifest.lock */,
				4D9D4EC227F4C995008BA39C /* Sources */,
				4D9D4EC327F4C995008BA39C /* Frameworks */,
				4D9D4EC427F4C995008BA39C /* Resources */,
			);
			buildRules = (
			);
			dependencies = (
				4D9D4EC827F4C995008BA39C /* PBXTargetDependency */,
			);
			name = WGPokdexTests;
			productName = WGPokdexTests;
			productReference = 4D9D4EC627F4C995008BA39C /* WGPokdexTests.xctest */;
			productType = "com.apple.product-type.bundle.unit-test";
		};
		4D9D4ECF27F4C995008BA39C /* WGPokdexUITests */ = {
			isa = PBXNativeTarget;
			buildConfigurationList = 4D9D4EE027F4C995008BA39C /* Build configuration list for PBXNativeTarget "WGPokdexUITests" */;
			buildPhases = (
				D2C82AB7E9172932E0833D2B /* [CP] Check Pods Manifest.lock */,
				4D9D4ECC27F4C995008BA39C /* Sources */,
				4D9D4ECD27F4C995008BA39C /* Frameworks */,
				4D9D4ECE27F4C995008BA39C /* Resources */,
				EF889E63A29680960D2D91C2 /* [CP] Embed Pods Frameworks */,
			);
			buildRules = (
			);
			dependencies = (
				4D9D4ED227F4C995008BA39C /* PBXTargetDependency */,
			);
			name = WGPokdexUITests;
			productName = WGPokdexUITests;
			productReference = 4D9D4ED027F4C995008BA39C /* WGPokdexUITests.xctest */;
			productType = "com.apple.product-type.bundle.ui-testing";
		};
/* End PBXNativeTarget section */

/* Begin PBXProject section */
		4D9D4EAE27F4C992008BA39C /* Project object */ = {
			isa = PBXProject;
			attributes = {
				BuildIndependentTargetsInParallel = 1;
				LastSwiftUpdateCheck = 1330;
				LastUpgradeCheck = 1330;
				TargetAttributes = {
					4D9D4EB527F4C992008BA39C = {
						CreatedOnToolsVersion = 13.3;
					};
					4D9D4EC527F4C995008BA39C = {
						CreatedOnToolsVersion = 13.3;
						TestTargetID = 4D9D4EB527F4C992008BA39C;
					};
					4D9D4ECF27F4C995008BA39C = {
						CreatedOnToolsVersion = 13.3;
						TestTargetID = 4D9D4EB527F4C992008BA39C;
					};
				};
			};
			buildConfigurationList = 4D9D4EB127F4C992008BA39C /* Build configuration list for PBXProject "WGPokdex" */;
			compatibilityVersion = "Xcode 13.0";
			developmentRegion = en;
			hasScannedForEncodings = 0;
			knownRegions = (
				en,
				Base,
			);
			mainGroup = 4D9D4EAD27F4C992008BA39C;
			productRefGroup = 4D9D4EB727F4C992008BA39C /* Products */;
			projectDirPath = "";
			projectRoot = "";
			targets = (
				4D9D4EB527F4C992008BA39C /* WGPokdex */,
				4D9D4EC527F4C995008BA39C /* WGPokdexTests */,
				4D9D4ECF27F4C995008BA39C /* WGPokdexUITests */,
			);
		};
/* End PBXProject section */

/* Begin PBXResourcesBuildPhase section */
		4D9D4EB427F4C992008BA39C /* Resources */ = {
			isa = PBXResourcesBuildPhase;
			buildActionMask = 2147483647;
			files = (
				4D606066281B53E300783720 /* schema.json in Resources */,
				4D9D4EC127F4C995008BA39C /* Preview Assets.xcassets in Resources */,
				4D338968282313C8002D94AE /* Queries.graphql in Resources */,
				4D9D4EBE27F4C995008BA39C /* Assets.xcassets in Resources */,
			);
			runOnlyForDeploymentPostprocessing = 0;
		};
		4D9D4EC427F4C995008BA39C /* Resources */ = {
			isa = PBXResourcesBuildPhase;
			buildActionMask = 2147483647;
			files = (
			);
			runOnlyForDeploymentPostprocessing = 0;
		};
		4D9D4ECE27F4C995008BA39C /* Resources */ = {
			isa = PBXResourcesBuildPhase;
			buildActionMask = 2147483647;
			files = (
			);
			runOnlyForDeploymentPostprocessing = 0;
		};
/* End PBXResourcesBuildPhase section */

/* Begin PBXShellScriptBuildPhase section */
		052B8D1C5CABA33B477BC2BE /* [CP] Check Pods Manifest.lock */ = {
			isa = PBXShellScriptBuildPhase;
			buildActionMask = 2147483647;
			files = (
			);
			inputFileListPaths = (
			);
			inputPaths = (
				"${PODS_PODFILE_DIR_PATH}/Podfile.lock",
				"${PODS_ROOT}/Manifest.lock",
			);
			name = "[CP] Check Pods Manifest.lock";
			outputFileListPaths = (
			);
			outputPaths = (
				"$(DERIVED_FILE_DIR)/Pods-WGPokdex-checkManifestLockResult.txt",
			);
			runOnlyForDeploymentPostprocessing = 0;
			shellPath = /bin/sh;
			shellScript = "diff \"${PODS_PODFILE_DIR_PATH}/Podfile.lock\" \"${PODS_ROOT}/Manifest.lock\" > /dev/null\nif [ $? != 0 ] ; then\n    # print error to STDERR\n    echo \"error: The sandbox is not in sync with the Podfile.lock. Run 'pod install' or update your CocoaPods installation.\" >&2\n    exit 1\nfi\n# This output is used by Xcode 'outputs' to avoid re-running this script phase.\necho \"SUCCESS\" > \"${SCRIPT_OUTPUT_FILE_0}\"\n";
			showEnvVarsInLog = 0;
		};
		418384E329612A0BD69361AA /* [CP] Embed Pods Frameworks */ = {
			isa = PBXShellScriptBuildPhase;
			buildActionMask = 2147483647;
			files = (
			);
			inputFileListPaths = (
				"${PODS_ROOT}/Target Support Files/Pods-WGPokdex/Pods-WGPokdex-frameworks-${CONFIGURATION}-input-files.xcfilelist",
			);
			name = "[CP] Embed Pods Frameworks";
			outputFileListPaths = (
				"${PODS_ROOT}/Target Support Files/Pods-WGPokdex/Pods-WGPokdex-frameworks-${CONFIGURATION}-output-files.xcfilelist",
			);
			runOnlyForDeploymentPostprocessing = 0;
			shellPath = /bin/sh;
			shellScript = "\"${PODS_ROOT}/Target Support Files/Pods-WGPokdex/Pods-WGPokdex-frameworks.sh\"\n";
			showEnvVarsInLog = 0;
		};
		4D338965282312FB002D94AE /* GraphQL */ = {
			isa = PBXShellScriptBuildPhase;
			buildActionMask = 8;
			files = (
			);
			inputFileListPaths = (
			);
			inputPaths = (
			);
			name = GraphQL;
			outputFileListPaths = (
			);
			outputPaths = (
			);
			runOnlyForDeploymentPostprocessing = 1;
			shellPath = /bin/sh;
			shellScript = "# Don't run this during index builds\nif [ $ACTION = \"indexbuild\" ]; then exit 0; fi\n\nSCRIPT_PATH=\"${PODS_ROOT}/Apollo/scripts\"\ncd \"${SRCROOT}/${TARGET_NAME}\"\n\"${SCRIPT_PATH}\"/run-bundled-codegen.sh codegen:generate --target=swift --includes=./**/*.graphql --localSchemaFile=\"schema.json\" API.swift\n";
		};
		4D33896D28231EE7002D94AE /* RSwift */ = {
			isa = PBXShellScriptBuildPhase;
			alwaysOutOfDate = 1;
			buildActionMask = 2147483647;
			files = (
			);
			inputFileListPaths = (
			);
			inputPaths = (
			);
			name = RSwift;
			outputFileListPaths = (
			);
			outputPaths = (
				$SRCROOT/R.generated.swift,
			);
			runOnlyForDeploymentPostprocessing = 0;
			shellPath = /bin/sh;
			shellScript = "# Type a script or drag a script file from your workspace to insert its path.\n\"$PODS_ROOT/R.swift/rswift\" generate \"$SRCROOT/R.generated.swift\"\n";
		};
		C260C529AB9911E01875BD6C /* [CP] Check Pods Manifest.lock */ = {
			isa = PBXShellScriptBuildPhase;
			buildActionMask = 2147483647;
			files = (
			);
			inputFileListPaths = (
			);
			inputPaths = (
				"${PODS_PODFILE_DIR_PATH}/Podfile.lock",
				"${PODS_ROOT}/Manifest.lock",
			);
			name = "[CP] Check Pods Manifest.lock";
			outputFileListPaths = (
			);
			outputPaths = (
				"$(DERIVED_FILE_DIR)/Pods-WGPokdexTests-checkManifestLockResult.txt",
			);
			runOnlyForDeploymentPostprocessing = 0;
			shellPath = /bin/sh;
			shellScript = "diff \"${PODS_PODFILE_DIR_PATH}/Podfile.lock\" \"${PODS_ROOT}/Manifest.lock\" > /dev/null\nif [ $? != 0 ] ; then\n    # print error to STDERR\n    echo \"error: The sandbox is not in sync with the Podfile.lock. Run 'pod install' or update your CocoaPods installation.\" >&2\n    exit 1\nfi\n# This output is used by Xcode 'outputs' to avoid re-running this script phase.\necho \"SUCCESS\" > \"${SCRIPT_OUTPUT_FILE_0}\"\n";
			showEnvVarsInLog = 0;
		};
		D2C82AB7E9172932E0833D2B /* [CP] Check Pods Manifest.lock */ = {
			isa = PBXShellScriptBuildPhase;
			buildActionMask = 2147483647;
			files = (
			);
			inputFileListPaths = (
			);
			inputPaths = (
				"${PODS_PODFILE_DIR_PATH}/Podfile.lock",
				"${PODS_ROOT}/Manifest.lock",
			);
			name = "[CP] Check Pods Manifest.lock";
			outputFileListPaths = (
			);
			outputPaths = (
				"$(DERIVED_FILE_DIR)/Pods-WGPokdex-WGPokdexUITests-checkManifestLockResult.txt",
			);
			runOnlyForDeploymentPostprocessing = 0;
			shellPath = /bin/sh;
			shellScript = "diff \"${PODS_PODFILE_DIR_PATH}/Podfile.lock\" \"${PODS_ROOT}/Manifest.lock\" > /dev/null\nif [ $? != 0 ] ; then\n    # print error to STDERR\n    echo \"error: The sandbox is not in sync with the Podfile.lock. Run 'pod install' or update your CocoaPods installation.\" >&2\n    exit 1\nfi\n# This output is used by Xcode 'outputs' to avoid re-running this script phase.\necho \"SUCCESS\" > \"${SCRIPT_OUTPUT_FILE_0}\"\n";
			showEnvVarsInLog = 0;
		};
		EF889E63A29680960D2D91C2 /* [CP] Embed Pods Frameworks */ = {
			isa = PBXShellScriptBuildPhase;
			buildActionMask = 2147483647;
			files = (
			);
			inputFileListPaths = (
				"${PODS_ROOT}/Target Support Files/Pods-WGPokdex-WGPokdexUITests/Pods-WGPokdex-WGPokdexUITests-frameworks-${CONFIGURATION}-input-files.xcfilelist",
			);
			name = "[CP] Embed Pods Frameworks";
			outputFileListPaths = (
				"${PODS_ROOT}/Target Support Files/Pods-WGPokdex-WGPokdexUITests/Pods-WGPokdex-WGPokdexUITests-frameworks-${CONFIGURATION}-output-files.xcfilelist",
			);
			runOnlyForDeploymentPostprocessing = 0;
			shellPath = /bin/sh;
			shellScript = "\"${PODS_ROOT}/Target Support Files/Pods-WGPokdex-WGPokdexUITests/Pods-WGPokdex-WGPokdexUITests-frameworks.sh\"\n";
			showEnvVarsInLog = 0;
		};
/* End PBXShellScriptBuildPhase section */

/* Begin PBXSourcesBuildPhase section */
		4D9D4EB227F4C992008BA39C /* Sources */ = {
			isa = PBXSourcesBuildPhase;
			buildActionMask = 2147483647;
			files = (
				4DF4874F280F363E00E28FFF /* TextField.swift in Sources */,
				4D25DD8B282C30B900FA5D3F /* PokemonInfoAboutViewModel.swift in Sources */,
				4D33898728246D3F002D94AE /* Filters.swift in Sources */,
				4D33897F28244C39002D94AE /* PokedexView.swift in Sources */,
				4DAD64B328075ECF007300CF /* Theme.swift in Sources */,
				4D33897028231FE8002D94AE /* R.generated.swift in Sources */,
				4DF4874C280F03C100E28FFF /* ButtonStyle.swift in Sources */,
				4D25DD8228298C0D00FA5D3F /* PokemonInfoView.swift in Sources */,
				4D33896A28231E01002D94AE /* Apollo.swift in Sources */,
				4D9D4EBC27F4C992008BA39C /* PokemonCard.swift in Sources */,
				4D25DD862829A58900FA5D3F /* PokemonInfoAboutView.swift in Sources */,
				4D25DD8428299F7D00FA5D3F /* NavigationPokemonCard.swift in Sources */,
				4D33897928240BA9002D94AE /* TypesByID.swift in Sources */,
				4DF487512810890200E28FFF /* Slider.swift in Sources */,
				4D33897B28243339002D94AE /* PokemonImager.swift in Sources */,
				4D33898428246689002D94AE /* Extensions.swift in Sources */,
				4D33896C28231E41002D94AE /* API.swift in Sources */,
				4D25DD8F282D7C9200FA5D3F /* Pokemon.swift in Sources */,
				4D9D4EBA27F4C992008BA39C /* WGPokdexApp.swift in Sources */,
				4D25DD882829BFB600FA5D3F /* PokemonInfoStats.swift in Sources */,
				4D33897228232C75002D94AE /* Image.swift in Sources */,
				4D33898128244DC7002D94AE /* PokedexViewModel.swift in Sources */,
			);
			runOnlyForDeploymentPostprocessing = 0;
		};
		4D9D4EC227F4C995008BA39C /* Sources */ = {
			isa = PBXSourcesBuildPhase;
			buildActionMask = 2147483647;
			files = (
				4D9D4ECB27F4C995008BA39C /* WGPokdexTests.swift in Sources */,
			);
			runOnlyForDeploymentPostprocessing = 0;
		};
		4D9D4ECC27F4C995008BA39C /* Sources */ = {
			isa = PBXSourcesBuildPhase;
			buildActionMask = 2147483647;
			files = (
				4D9D4ED727F4C995008BA39C /* WGPokdexUITestsLaunchTests.swift in Sources */,
				4D9D4ED527F4C995008BA39C /* WGPokdexUITests.swift in Sources */,
			);
			runOnlyForDeploymentPostprocessing = 0;
		};
/* End PBXSourcesBuildPhase section */

/* Begin PBXTargetDependency section */
		4D9D4EC827F4C995008BA39C /* PBXTargetDependency */ = {
			isa = PBXTargetDependency;
			target = 4D9D4EB527F4C992008BA39C /* WGPokdex */;
			targetProxy = 4D9D4EC727F4C995008BA39C /* PBXContainerItemProxy */;
		};
		4D9D4ED227F4C995008BA39C /* PBXTargetDependency */ = {
			isa = PBXTargetDependency;
			target = 4D9D4EB527F4C992008BA39C /* WGPokdex */;
			targetProxy = 4D9D4ED127F4C995008BA39C /* PBXContainerItemProxy */;
		};
/* End PBXTargetDependency section */

/* Begin XCBuildConfiguration section */
		4D9D4ED827F4C995008BA39C /* Debug */ = {
			isa = XCBuildConfiguration;
			buildSettings = {
				ALWAYS_SEARCH_USER_PATHS = NO;
				CLANG_ANALYZER_NONNULL = YES;
				CLANG_ANALYZER_NUMBER_OBJECT_CONVERSION = YES_AGGRESSIVE;
				CLANG_CXX_LANGUAGE_STANDARD = "gnu++17";
				CLANG_ENABLE_MODULES = YES;
				CLANG_ENABLE_OBJC_ARC = YES;
				CLANG_ENABLE_OBJC_WEAK = YES;
				CLANG_WARN_BLOCK_CAPTURE_AUTORELEASING = YES;
				CLANG_WARN_BOOL_CONVERSION = YES;
				CLANG_WARN_COMMA = YES;
				CLANG_WARN_CONSTANT_CONVERSION = YES;
				CLANG_WARN_DEPRECATED_OBJC_IMPLEMENTATIONS = YES;
				CLANG_WARN_DIRECT_OBJC_ISA_USAGE = YES_ERROR;
				CLANG_WARN_DOCUMENTATION_COMMENTS = YES;
				CLANG_WARN_EMPTY_BODY = YES;
				CLANG_WARN_ENUM_CONVERSION = YES;
				CLANG_WARN_INFINITE_RECURSION = YES;
				CLANG_WARN_INT_CONVERSION = YES;
				CLANG_WARN_NON_LITERAL_NULL_CONVERSION = YES;
				CLANG_WARN_OBJC_IMPLICIT_RETAIN_SELF = YES;
				CLANG_WARN_OBJC_LITERAL_CONVERSION = YES;
				CLANG_WARN_OBJC_ROOT_CLASS = YES_ERROR;
				CLANG_WARN_QUOTED_INCLUDE_IN_FRAMEWORK_HEADER = YES;
				CLANG_WARN_RANGE_LOOP_ANALYSIS = YES;
				CLANG_WARN_STRICT_PROTOTYPES = YES;
				CLANG_WARN_SUSPICIOUS_MOVE = YES;
				CLANG_WARN_UNGUARDED_AVAILABILITY = YES_AGGRESSIVE;
				CLANG_WARN_UNREACHABLE_CODE = YES;
				CLANG_WARN__DUPLICATE_METHOD_MATCH = YES;
				COPY_PHASE_STRIP = NO;
				DEBUG_INFORMATION_FORMAT = dwarf;
				ENABLE_STRICT_OBJC_MSGSEND = YES;
				ENABLE_TESTABILITY = YES;
				GCC_C_LANGUAGE_STANDARD = gnu11;
				GCC_DYNAMIC_NO_PIC = NO;
				GCC_NO_COMMON_BLOCKS = YES;
				GCC_OPTIMIZATION_LEVEL = 0;
				GCC_PREPROCESSOR_DEFINITIONS = (
					"DEBUG=1",
					"$(inherited)",
				);
				GCC_WARN_64_TO_32_BIT_CONVERSION = YES;
				GCC_WARN_ABOUT_RETURN_TYPE = YES_ERROR;
				GCC_WARN_UNDECLARED_SELECTOR = YES;
				GCC_WARN_UNINITIALIZED_AUTOS = YES_AGGRESSIVE;
				GCC_WARN_UNUSED_FUNCTION = YES;
				GCC_WARN_UNUSED_VARIABLE = YES;
				IPHONEOS_DEPLOYMENT_TARGET = 15.4;
				MTL_ENABLE_DEBUG_INFO = INCLUDE_SOURCE;
				MTL_FAST_MATH = YES;
				ONLY_ACTIVE_ARCH = YES;
				SDKROOT = iphoneos;
				SWIFT_ACTIVE_COMPILATION_CONDITIONS = DEBUG;
				SWIFT_OPTIMIZATION_LEVEL = "-Onone";
			};
			name = Debug;
		};
		4D9D4ED927F4C995008BA39C /* Release */ = {
			isa = XCBuildConfiguration;
			buildSettings = {
				ALWAYS_SEARCH_USER_PATHS = NO;
				CLANG_ANALYZER_NONNULL = YES;
				CLANG_ANALYZER_NUMBER_OBJECT_CONVERSION = YES_AGGRESSIVE;
				CLANG_CXX_LANGUAGE_STANDARD = "gnu++17";
				CLANG_ENABLE_MODULES = YES;
				CLANG_ENABLE_OBJC_ARC = YES;
				CLANG_ENABLE_OBJC_WEAK = YES;
				CLANG_WARN_BLOCK_CAPTURE_AUTORELEASING = YES;
				CLANG_WARN_BOOL_CONVERSION = YES;
				CLANG_WARN_COMMA = YES;
				CLANG_WARN_CONSTANT_CONVERSION = YES;
				CLANG_WARN_DEPRECATED_OBJC_IMPLEMENTATIONS = YES;
				CLANG_WARN_DIRECT_OBJC_ISA_USAGE = YES_ERROR;
				CLANG_WARN_DOCUMENTATION_COMMENTS = YES;
				CLANG_WARN_EMPTY_BODY = YES;
				CLANG_WARN_ENUM_CONVERSION = YES;
				CLANG_WARN_INFINITE_RECURSION = YES;
				CLANG_WARN_INT_CONVERSION = YES;
				CLANG_WARN_NON_LITERAL_NULL_CONVERSION = YES;
				CLANG_WARN_OBJC_IMPLICIT_RETAIN_SELF = YES;
				CLANG_WARN_OBJC_LITERAL_CONVERSION = YES;
				CLANG_WARN_OBJC_ROOT_CLASS = YES_ERROR;
				CLANG_WARN_QUOTED_INCLUDE_IN_FRAMEWORK_HEADER = YES;
				CLANG_WARN_RANGE_LOOP_ANALYSIS = YES;
				CLANG_WARN_STRICT_PROTOTYPES = YES;
				CLANG_WARN_SUSPICIOUS_MOVE = YES;
				CLANG_WARN_UNGUARDED_AVAILABILITY = YES_AGGRESSIVE;
				CLANG_WARN_UNREACHABLE_CODE = YES;
				CLANG_WARN__DUPLICATE_METHOD_MATCH = YES;
				COPY_PHASE_STRIP = NO;
				DEBUG_INFORMATION_FORMAT = "dwarf-with-dsym";
				ENABLE_NS_ASSERTIONS = NO;
				ENABLE_STRICT_OBJC_MSGSEND = YES;
				GCC_C_LANGUAGE_STANDARD = gnu11;
				GCC_NO_COMMON_BLOCKS = YES;
				GCC_WARN_64_TO_32_BIT_CONVERSION = YES;
				GCC_WARN_ABOUT_RETURN_TYPE = YES_ERROR;
				GCC_WARN_UNDECLARED_SELECTOR = YES;
				GCC_WARN_UNINITIALIZED_AUTOS = YES_AGGRESSIVE;
				GCC_WARN_UNUSED_FUNCTION = YES;
				GCC_WARN_UNUSED_VARIABLE = YES;
				IPHONEOS_DEPLOYMENT_TARGET = 15.4;
				MTL_ENABLE_DEBUG_INFO = NO;
				MTL_FAST_MATH = YES;
				SDKROOT = iphoneos;
				SWIFT_COMPILATION_MODE = wholemodule;
				SWIFT_OPTIMIZATION_LEVEL = "-O";
				VALIDATE_PRODUCT = YES;
			};
			name = Release;
		};
		4D9D4EDB27F4C995008BA39C /* Debug */ = {
			isa = XCBuildConfiguration;
			baseConfigurationReference = 1FCE3304A83FE86B4E0597AB /* Pods-WGPokdex.debug.xcconfig */;
			buildSettings = {
				ASSETCATALOG_COMPILER_APPICON_NAME = AppIcon;
				ASSETCATALOG_COMPILER_GLOBAL_ACCENT_COLOR_NAME = AccentColor;
				CODE_SIGN_STYLE = Automatic;
				CURRENT_PROJECT_VERSION = 1;
				DEVELOPMENT_ASSET_PATHS = "\"WGPokdex/Preview Content\"";
				DEVELOPMENT_TEAM = CWDH6S87LF;
				ENABLE_PREVIEWS = YES;
				GENERATE_INFOPLIST_FILE = YES;
				INFOPLIST_KEY_UIApplicationSceneManifest_Generation = YES;
				INFOPLIST_KEY_UIApplicationSupportsIndirectInputEvents = YES;
				INFOPLIST_KEY_UILaunchScreen_Generation = YES;
				INFOPLIST_KEY_UISupportedInterfaceOrientations = UIInterfaceOrientationPortrait;
				INFOPLIST_KEY_UISupportedInterfaceOrientations_iPad = "UIInterfaceOrientationPortrait UIInterfaceOrientationPortraitUpsideDown UIInterfaceOrientationLandscapeLeft UIInterfaceOrientationLandscapeRight";
				INFOPLIST_KEY_UISupportedInterfaceOrientations_iPhone = "UIInterfaceOrientationPortrait UIInterfaceOrientationLandscapeLeft UIInterfaceOrientationLandscapeRight";
				INFOPLIST_KEY_UIUserInterfaceStyle = Light;
				LD_RUNPATH_SEARCH_PATHS = (
					"$(inherited)",
					"@executable_path/Frameworks",
				);
				MARKETING_VERSION = 1.0;
				PRODUCT_BUNDLE_IDENTIFIER = "br.wilton-garcia.WGPokdex";
				PRODUCT_NAME = "$(TARGET_NAME)";
				SWIFT_EMIT_LOC_STRINGS = YES;
				SWIFT_VERSION = 5.0;
				TARGETED_DEVICE_FAMILY = "1,2";
			};
			name = Debug;
		};
		4D9D4EDC27F4C995008BA39C /* Release */ = {
			isa = XCBuildConfiguration;
			baseConfigurationReference = CD0CC1DA09D3BF9156E43919 /* Pods-WGPokdex.release.xcconfig */;
			buildSettings = {
				ASSETCATALOG_COMPILER_APPICON_NAME = AppIcon;
				ASSETCATALOG_COMPILER_GLOBAL_ACCENT_COLOR_NAME = AccentColor;
				CODE_SIGN_STYLE = Automatic;
				CURRENT_PROJECT_VERSION = 1;
				DEVELOPMENT_ASSET_PATHS = "\"WGPokdex/Preview Content\"";
				DEVELOPMENT_TEAM = CWDH6S87LF;
				ENABLE_PREVIEWS = YES;
				GENERATE_INFOPLIST_FILE = YES;
				INFOPLIST_KEY_UIApplicationSceneManifest_Generation = YES;
				INFOPLIST_KEY_UIApplicationSupportsIndirectInputEvents = YES;
				INFOPLIST_KEY_UILaunchScreen_Generation = YES;
				INFOPLIST_KEY_UISupportedInterfaceOrientations = UIInterfaceOrientationPortrait;
				INFOPLIST_KEY_UISupportedInterfaceOrientations_iPad = "UIInterfaceOrientationPortrait UIInterfaceOrientationPortraitUpsideDown UIInterfaceOrientationLandscapeLeft UIInterfaceOrientationLandscapeRight";
				INFOPLIST_KEY_UISupportedInterfaceOrientations_iPhone = "UIInterfaceOrientationPortrait UIInterfaceOrientationLandscapeLeft UIInterfaceOrientationLandscapeRight";
				INFOPLIST_KEY_UIUserInterfaceStyle = Light;
				LD_RUNPATH_SEARCH_PATHS = (
					"$(inherited)",
					"@executable_path/Frameworks",
				);
				MARKETING_VERSION = 1.0;
				PRODUCT_BUNDLE_IDENTIFIER = "br.wilton-garcia.WGPokdex";
				PRODUCT_NAME = "$(TARGET_NAME)";
				SWIFT_EMIT_LOC_STRINGS = YES;
				SWIFT_VERSION = 5.0;
				TARGETED_DEVICE_FAMILY = "1,2";
			};
			name = Release;
		};
		4D9D4EDE27F4C995008BA39C /* Debug */ = {
			isa = XCBuildConfiguration;
			baseConfigurationReference = FB432D8298A04DA0586D5F93 /* Pods-WGPokdexTests.debug.xcconfig */;
			buildSettings = {
				ALWAYS_EMBED_SWIFT_STANDARD_LIBRARIES = YES;
				BUNDLE_LOADER = "$(TEST_HOST)";
				CODE_SIGN_STYLE = Automatic;
				CURRENT_PROJECT_VERSION = 1;
				DEVELOPMENT_TEAM = CWDH6S87LF;
				GENERATE_INFOPLIST_FILE = YES;
				IPHONEOS_DEPLOYMENT_TARGET = 15.4;
				MARKETING_VERSION = 1.0;
				PRODUCT_BUNDLE_IDENTIFIER = "br.wilton-garcia.WGPokdexTests";
				PRODUCT_NAME = "$(TARGET_NAME)";
				SWIFT_EMIT_LOC_STRINGS = NO;
				SWIFT_VERSION = 5.0;
				TARGETED_DEVICE_FAMILY = "1,2";
				TEST_HOST = "$(BUILT_PRODUCTS_DIR)/WGPokdex.app/WGPokdex";
			};
			name = Debug;
		};
		4D9D4EDF27F4C995008BA39C /* Release */ = {
			isa = XCBuildConfiguration;
			baseConfigurationReference = 81A3CADABFF5C1AC40D7C128 /* Pods-WGPokdexTests.release.xcconfig */;
			buildSettings = {
				ALWAYS_EMBED_SWIFT_STANDARD_LIBRARIES = YES;
				BUNDLE_LOADER = "$(TEST_HOST)";
				CODE_SIGN_STYLE = Automatic;
				CURRENT_PROJECT_VERSION = 1;
				DEVELOPMENT_TEAM = CWDH6S87LF;
				GENERATE_INFOPLIST_FILE = YES;
				IPHONEOS_DEPLOYMENT_TARGET = 15.4;
				MARKETING_VERSION = 1.0;
				PRODUCT_BUNDLE_IDENTIFIER = "br.wilton-garcia.WGPokdexTests";
				PRODUCT_NAME = "$(TARGET_NAME)";
				SWIFT_EMIT_LOC_STRINGS = NO;
				SWIFT_VERSION = 5.0;
				TARGETED_DEVICE_FAMILY = "1,2";
				TEST_HOST = "$(BUILT_PRODUCTS_DIR)/WGPokdex.app/WGPokdex";
			};
			name = Release;
		};
		4D9D4EE127F4C995008BA39C /* Debug */ = {
			isa = XCBuildConfiguration;
			baseConfigurationReference = C1493ECCE219C55737338CD1 /* Pods-WGPokdex-WGPokdexUITests.debug.xcconfig */;
			buildSettings = {
				ALWAYS_EMBED_SWIFT_STANDARD_LIBRARIES = YES;
				CODE_SIGN_STYLE = Automatic;
				CURRENT_PROJECT_VERSION = 1;
				DEVELOPMENT_TEAM = CWDH6S87LF;
				GENERATE_INFOPLIST_FILE = YES;
				MARKETING_VERSION = 1.0;
				PRODUCT_BUNDLE_IDENTIFIER = "br.wilton-garcia.WGPokdexUITests";
				PRODUCT_NAME = "$(TARGET_NAME)";
				SWIFT_EMIT_LOC_STRINGS = NO;
				SWIFT_VERSION = 5.0;
				TARGETED_DEVICE_FAMILY = "1,2";
				TEST_TARGET_NAME = WGPokdex;
			};
			name = Debug;
		};
		4D9D4EE227F4C995008BA39C /* Release */ = {
			isa = XCBuildConfiguration;
			baseConfigurationReference = 07D71571233C0080F81B77D8 /* Pods-WGPokdex-WGPokdexUITests.release.xcconfig */;
			buildSettings = {
				ALWAYS_EMBED_SWIFT_STANDARD_LIBRARIES = YES;
				CODE_SIGN_STYLE = Automatic;
				CURRENT_PROJECT_VERSION = 1;
				DEVELOPMENT_TEAM = CWDH6S87LF;
				GENERATE_INFOPLIST_FILE = YES;
				MARKETING_VERSION = 1.0;
				PRODUCT_BUNDLE_IDENTIFIER = "br.wilton-garcia.WGPokdexUITests";
				PRODUCT_NAME = "$(TARGET_NAME)";
				SWIFT_EMIT_LOC_STRINGS = NO;
				SWIFT_VERSION = 5.0;
				TARGETED_DEVICE_FAMILY = "1,2";
				TEST_TARGET_NAME = WGPokdex;
			};
			name = Release;
		};
/* End XCBuildConfiguration section */

/* Begin XCConfigurationList section */
		4D9D4EB127F4C992008BA39C /* Build configuration list for PBXProject "WGPokdex" */ = {
			isa = XCConfigurationList;
			buildConfigurations = (
				4D9D4ED827F4C995008BA39C /* Debug */,
				4D9D4ED927F4C995008BA39C /* Release */,
			);
			defaultConfigurationIsVisible = 0;
			defaultConfigurationName = Release;
		};
		4D9D4EDA27F4C995008BA39C /* Build configuration list for PBXNativeTarget "WGPokdex" */ = {
			isa = XCConfigurationList;
			buildConfigurations = (
				4D9D4EDB27F4C995008BA39C /* Debug */,
				4D9D4EDC27F4C995008BA39C /* Release */,
			);
			defaultConfigurationIsVisible = 0;
			defaultConfigurationName = Release;
		};
		4D9D4EDD27F4C995008BA39C /* Build configuration list for PBXNativeTarget "WGPokdexTests" */ = {
			isa = XCConfigurationList;
			buildConfigurations = (
				4D9D4EDE27F4C995008BA39C /* Debug */,
				4D9D4EDF27F4C995008BA39C /* Release */,
			);
			defaultConfigurationIsVisible = 0;
			defaultConfigurationName = Release;
		};
		4D9D4EE027F4C995008BA39C /* Build configuration list for PBXNativeTarget "WGPokdexUITests" */ = {
			isa = XCConfigurationList;
			buildConfigurations = (
				4D9D4EE127F4C995008BA39C /* Debug */,
				4D9D4EE227F4C995008BA39C /* Release */,
			);
			defaultConfigurationIsVisible = 0;
			defaultConfigurationName = Release;
		};
/* End XCConfigurationList section */
	};
	rootObject = 4D9D4EAE27F4C992008BA39C /* Project object */;
}
